
Microsoft Visual Studio Solution File, Format Version 12.00
# Visual Studio Version 17
VisualStudioVersion = 17.3.32922.545
MinimumVisualStudioVersion = 10.0.40219.1
Project("{FAE04EC0-301F-11D3-BF4B-00C04F79EFBC}") = "Server", "Server\Server.csproj", "{BE592E0F-9C04-4283-A7E1-598703D04DC5}"
EndProject
Project("{FAE04EC0-301F-11D3-BF4B-00C04F79EFBC}") = "ServerCore", "ServerCore\ServerCore.csproj", "{27EF2A02-C64D-4693-824E-44E74F7DE621}"
EndProject
Project("{FAE04EC0-301F-11D3-BF4B-00C04F79EFBC}") = "DummyClient", "DummyClient\DummyClient.csproj", "{270252EB-0B6E-43C2-8997-CD017478488A}"
EndProject
Project("{FAE04EC0-301F-11D3-BF4B-00C04F79EFBC}") = "PacketGenerator", "PacketGenerator\PacketGenerator.csproj", "{CB19E933-9CFF-4015-87C1-46950C5498DD}"
EndProject
Project("{2150E333-8FDC-42A3-9474-1A3956D46DE8}") = "Tools", "Tools", "{34B7179F-C614-421E-8D2A-8F2A16C464B0}"
EndProject
Global
	GlobalSection(SolutionConfigurationPlatforms) = preSolution
		Debug|Any CPU = Debug|Any CPU
		Release|Any CPU = Release|Any CPU
	EndGlobalSection
	GlobalSection(ProjectConfigurationPlatforms) = postSolution
		{BE592E0F-9C04-4283-A7E1-598703D04DC5}.Debug|Any CPU.ActiveCfg = Debug|Any CPU
		{BE592E0F-9C04-4283-A7E1-598703D04DC5}.Debug|Any CPU.Build.0 = Debug|Any CPU
		{BE592E0F-9C04-4283-A7E1-598703D04DC5}.Release|Any CPU.ActiveCfg = Release|Any CPU
		{BE592E0F-9C04-4283-A7E1-598703D04DC5}.Release|Any CPU.Build.0 = Release|Any CPU
		{27EF2A02-C64D-4693-824E-44E74F7DE621}.Debug|Any CPU.ActiveCfg = Debug|Any CPU
		{27EF2A02-C64D-4693-824E-44E74F7DE621}.Debug|Any CPU.Build.0 = Debug|Any CPU
		{27EF2A02-C64D-4693-824E-44E74F7DE621}.Release|Any CPU.ActiveCfg = Release|Any CPU
		{27EF2A02-C64D-4693-824E-44E74F7DE621}.Release|Any CPU.Build.0 = Release|Any CPU
		{270252EB-0B6E-43C2-8997-CD017478488A}.Debug|Any CPU.ActiveCfg = Debug|Any CPU
		{270252EB-0B6E-43C2-8997-CD017478488A}.Debug|Any CPU.Build.0 = Debug|Any CPU
		{270252EB-0B6E-43C2-8997-CD017478488A}.Release|Any CPU.ActiveCfg = Release|Any CPU
		{270252EB-0B6E-43C2-8997-CD017478488A}.Release|Any CPU.Build.0 = Release|Any CPU
		{CB19E933-9CFF-4015-87C1-46950C5498DD}.Debug|Any CPU.ActiveCfg = Debug|Any CPU
		{CB19E933-9CFF-4015-87C1-46950C5498DD}.Debug|Any CPU.Build.0 = Debug|Any CPU
		{CB19E933-9CFF-4015-87C1-46950C5498DD}.Release|Any CPU.ActiveCfg = Release|Any CPU
		{CB19E933-9CFF-4015-87C1-46950C5498DD}.Release|Any CPU.Build.0 = Release|Any CPU
	EndGlobalSection
	GlobalSection(SolutionProperties) = preSolution
		HideSolutionNode = FALSE
	EndGlobalSection
	GlobalSection(ExtensibilityGlobals) = postSolution
		SolutionGuid = {FA35295C-BDA4-4415-BBC3-2AC03D5F4106}
	EndGlobalSection
	GlobalSection(NestedProjects) = preSolution
		{CB19E933-9CFF-4015-87C1-46950C5498DD} = {34B7179F-C614-421E-8D2A-8F2A16C464B0}
	EndGlobalSection
EndGlobal
